// !$*UTF8*$!
{
	archiveVersion = 1;
	classes = {
	};
	objectVersion = 56;
	objects = {

/* Begin PBXBuildFile section */
		8C0ECA7A2BFFB0BC004E8A91 /* Bhagavad_GitaApp.swift in Sources */ = {isa = PBXBuildFile; fileRef = 8C0ECA792BFFB0BC004E8A91 /* Bhagavad_GitaApp.swift */; };
		8C0ECA7C2BFFB0BC004E8A91 /* LoginView.swift in Sources */ = {isa = PBXBuildFile; fileRef = 8C0ECA7B2BFFB0BC004E8A91 /* LoginView.swift */; };
		8C0ECA812BFFB0BE004E8A91 /* Preview Assets.xcassets in Resources */ = {isa = PBXBuildFile; fileRef = 8C0ECA802BFFB0BE004E8A91 /* Preview Assets.xcassets */; };
		8C0ECA892BFFB0F8004E8A91 /* Alamofire in Frameworks */ = {isa = PBXBuildFile; productRef = 8C0ECA882BFFB0F8004E8A91 /* Alamofire */; };
		8C0ECA8B2BFFB0F8004E8A91 /* AlamofireDynamic in Frameworks */ = {isa = PBXBuildFile; productRef = 8C0ECA8A2BFFB0F8004E8A91 /* AlamofireDynamic */; };
		8C0ECA8D2BFFB1A5004E8A91 /* SignUpView.swift in Sources */ = {isa = PBXBuildFile; fileRef = 8C0ECA8C2BFFB1A5004E8A91 /* SignUpView.swift */; };
		8C0ECA8F2BFFB204004E8A91 /* GitaView.swift in Sources */ = {isa = PBXBuildFile; fileRef = 8C0ECA8E2BFFB204004E8A91 /* GitaView.swift */; };
		8C433E0F2C18252300E01C9A /* LaunchView.swift in Sources */ = {isa = PBXBuildFile; fileRef = 8C433E0E2C18252300E01C9A /* LaunchView.swift */; };
		8C6689C32C0108D5005D8A98 /* Assets.xcassets in Resources */ = {isa = PBXBuildFile; fileRef = 8C6689C22C0108D5005D8A98 /* Assets.xcassets */; };
/* End PBXBuildFile section */

/* Begin PBXFileReference section */
		8C0ECA762BFFB0BC004E8A91 /* Bhagavad Gita.app */ = {isa = PBXFileReference; explicitFileType = wrapper.application; includeInIndex = 0; path = "Bhagavad Gita.app"; sourceTree = BUILT_PRODUCTS_DIR; };
		8C0ECA792BFFB0BC004E8A91 /* Bhagavad_GitaApp.swift */ = {isa = PBXFileReference; lastKnownFileType = sourcecode.swift; path = Bhagavad_GitaApp.swift; sourceTree = "<group>"; };
		8C0ECA7B2BFFB0BC004E8A91 /* LoginView.swift */ = {isa = PBXFileReference; lastKnownFileType = sourcecode.swift; path = LoginView.swift; sourceTree = "<group>"; };
		8C0ECA802BFFB0BE004E8A91 /* Preview Assets.xcassets */ = {isa = PBXFileReference; lastKnownFileType = folder.assetcatalog; path = "Preview Assets.xcassets"; sourceTree = "<group>"; };
		8C0ECA8C2BFFB1A5004E8A91 /* SignUpView.swift */ = {isa = PBXFileReference; lastKnownFileType = sourcecode.swift; path = SignUpView.swift; sourceTree = "<group>"; };
		8C0ECA8E2BFFB204004E8A91 /* GitaView.swift */ = {isa = PBXFileReference; lastKnownFileType = sourcecode.swift; path = GitaView.swift; sourceTree = "<group>"; };
		8C433E0E2C18252300E01C9A /* LaunchView.swift */ = {isa = PBXFileReference; lastKnownFileType = sourcecode.swift; path = LaunchView.swift; sourceTree = "<group>"; };
		8C6689C22C0108D5005D8A98 /* Assets.xcassets */ = {isa = PBXFileReference; lastKnownFileType = folder.assetcatalog; path = Assets.xcassets; sourceTree = "<group>"; };
/* End PBXFileReference section */

/* Begin PBXFrameworksBuildPhase section */
		8C0ECA732BFFB0BC004E8A91 /* Frameworks */ = {
			isa = PBXFrameworksBuildPhase;
			buildActionMask = 2147483647;
			files = (
				8C0ECA892BFFB0F8004E8A91 /* Alamofire in Frameworks */,
				8C0ECA8B2BFFB0F8004E8A91 /* AlamofireDynamic in Frameworks */,
			);
			runOnlyForDeploymentPostprocessing = 0;
		};
/* End PBXFrameworksBuildPhase section */

/* Begin PBXGroup section */
		8C0ECA6D2BFFB0BC004E8A91 = {
			isa = PBXGroup;
			children = (
				8C0ECA782BFFB0BC004E8A91 /* Bhagavad Gita */,
				8C0ECA772BFFB0BC004E8A91 /* Products */,
			);
			sourceTree = "<group>";
		};
		8C0ECA772BFFB0BC004E8A91 /* Products */ = {
			isa = PBXGroup;
			children = (
				8C0ECA762BFFB0BC004E8A91 /* Bhagavad Gita.app */,
			);
			name = Products;
			sourceTree = "<group>";
		};
		8C0ECA782BFFB0BC004E8A91 /* Bhagavad Gita */ = {
			isa = PBXGroup;
			children = (
				8C0ECA792BFFB0BC004E8A91 /* Bhagavad_GitaApp.swift */,
				8C433E0E2C18252300E01C9A /* LaunchView.swift */,
				8C0ECA7B2BFFB0BC004E8A91 /* LoginView.swift */,
				8C0ECA8C2BFFB1A5004E8A91 /* SignUpView.swift */,
				8C0ECA8E2BFFB204004E8A91 /* GitaView.swift */,
				8C6689C22C0108D5005D8A98 /* Assets.xcassets */,
				8C0ECA7F2BFFB0BE004E8A91 /* Preview Content */,
			);
			path = "Bhagavad Gita";
			sourceTree = "<group>";
		};
		8C0ECA7F2BFFB0BE004E8A91 /* Preview Content */ = {
			isa = PBXGroup;
			children = (
				8C0ECA802BFFB0BE004E8A91 /* Preview Assets.xcassets */,
			);
			path = "Preview Content";
			sourceTree = "<group>";
		};
/* End PBXGroup section */

/* Begin PBXNativeTarget section */
		8C0ECA752BFFB0BC004E8A91 /* Bhagavad Gita */ = {
			isa = PBXNativeTarget;
			buildConfigurationList = 8C0ECA842BFFB0BE004E8A91 /* Build configuration list for PBXNativeTarget "Bhagavad Gita" */;
			buildPhases = (
				8C0ECA722BFFB0BC004E8A91 /* Sources */,
				8C0ECA732BFFB0BC004E8A91 /* Frameworks */,
				8C0ECA742BFFB0BC004E8A91 /* Resources */,
			);
			buildRules = (
			);
			dependencies = (
			);
			name = "Bhagavad Gita";
			packageProductDependencies = (
				8C0ECA882BFFB0F8004E8A91 /* Alamofire */,
				8C0ECA8A2BFFB0F8004E8A91 /* AlamofireDynamic */,
			);
			productName = "Bhagavad Gita";
			productReference = 8C0ECA762BFFB0BC004E8A91 /* Bhagavad Gita.app */;
			productType = "com.apple.product-type.application";
		};
/* End PBXNativeTarget section */

/* Begin PBXProject section */
		8C0ECA6E2BFFB0BC004E8A91 /* Project object */ = {
			isa = PBXProject;
			attributes = {
				BuildIndependentTargetsInParallel = 1;
				LastSwiftUpdateCheck = 1530;
				LastUpgradeCheck = 1530;
				TargetAttributes = {
					8C0ECA752BFFB0BC004E8A91 = {
						CreatedOnToolsVersion = 15.3;
					};
				};
			};
			buildConfigurationList = 8C0ECA712BFFB0BC004E8A91 /* Build configuration list for PBXProject "Bhagavad Gita" */;
			compatibilityVersion = "Xcode 14.0";
			developmentRegion = en;
			hasScannedForEncodings = 0;
			knownRegions = (
				en,
				Base,
			);
			mainGroup = 8C0ECA6D2BFFB0BC004E8A91;
			packageReferences = (
				8C0ECA872BFFB0F8004E8A91 /* XCRemoteSwiftPackageReference "Alamofire" */,
			);
			productRefGroup = 8C0ECA772BFFB0BC004E8A91 /* Products */;
			projectDirPath = "";
			projectRoot = "";
			targets = (
				8C0ECA752BFFB0BC004E8A91 /* Bhagavad Gita */,
			);
		};
/* End PBXProject section */

/* Begin PBXResourcesBuildPhase section */
		8C0ECA742BFFB0BC004E8A91 /* Resources */ = {
			isa = PBXResourcesBuildPhase;
			buildActionMask = 2147483647;
			files = (
				8C6689C32C0108D5005D8A98 /* Assets.xcassets in Resources */,
				8C0ECA812BFFB0BE004E8A91 /* Preview Assets.xcassets in Resources */,
			);
			runOnlyForDeploymentPostprocessing = 0;
		};
/* End PBXResourcesBuildPhase section */

/* Begin PBXSourcesBuildPhase section */
		8C0ECA722BFFB0BC004E8A91 /* Sources */ = {
			isa = PBXSourcesBuildPhase;
			buildActionMask = 2147483647;
			files = (
				8C0ECA7C2BFFB0BC004E8A91 /* LoginView.swift in Sources */,
				8C433E0F2C18252300E01C9A /* LaunchView.swift in Sources */,
				8C0ECA8F2BFFB204004E8A91 /* GitaView.swift in Sources */,
				8C0ECA8D2BFFB1A5004E8A91 /* SignUpView.swift in Sources */,
				8C0ECA7A2BFFB0BC004E8A91 /* Bhagavad_GitaApp.swift in Sources */,
			);
			runOnlyForDeploymentPostprocessing = 0;
		};
/* End PBXSourcesBuildPhase section */

/* Begin XCBuildConfiguration section */
		8C0ECA822BFFB0BE004E8A91 /* Debug */ = {
			isa = XCBuildConfiguration;
			buildSettings = {
				ALWAYS_SEARCH_USER_PATHS = NO;
				ASSETCATALOG_COMPILER_GENERATE_SWIFT_ASSET_SYMBOL_EXTENSIONS = YES;
				CLANG_ANALYZER_NONNULL = YES;
				CLANG_ANALYZER_NUMBER_OBJECT_CONVERSION = YES_AGGRESSIVE;
				CLANG_CXX_LANGUAGE_STANDARD = "gnu++20";
				CLANG_ENABLE_MODULES = YES;
				CLANG_ENABLE_OBJC_ARC = YES;
				CLANG_ENABLE_OBJC_WEAK = YES;
				CLANG_WARN_BLOCK_CAPTURE_AUTORELEASING = YES;
				CLANG_WARN_BOOL_CONVERSION = YES;
				CLANG_WARN_COMMA = YES;
				CLANG_WARN_CONSTANT_CONVERSION = YES;
				CLANG_WARN_DEPRECATED_OBJC_IMPLEMENTATIONS = YES;
				CLANG_WARN_DIRECT_OBJC_ISA_USAGE = YES_ERROR;
				CLANG_WARN_DOCUMENTATION_COMMENTS = YES;
				CLANG_WARN_EMPTY_BODY = YES;
				CLANG_WARN_ENUM_CONVERSION = YES;
				CLANG_WARN_INFINITE_RECURSION = YES;
				CLANG_WARN_INT_CONVERSION = YES;
				CLANG_WARN_NON_LITERAL_NULL_CONVERSION = YES;
				CLANG_WARN_OBJC_IMPLICIT_RETAIN_SELF = YES;
				CLANG_WARN_OBJC_LITERAL_CONVERSION = YES;
				CLANG_WARN_OBJC_ROOT_CLASS = YES_ERROR;
				CLANG_WARN_QUOTED_INCLUDE_IN_FRAMEWORK_HEADER = YES;
				CLANG_WARN_RANGE_LOOP_ANALYSIS = YES;
				CLANG_WARN_STRICT_PROTOTYPES = YES;
				CLANG_WARN_SUSPICIOUS_MOVE = YES;
				CLANG_WARN_UNGUARDED_AVAILABILITY = YES_AGGRESSIVE;
				CLANG_WARN_UNREACHABLE_CODE = YES;
				CLANG_WARN__DUPLICATE_METHOD_MATCH = YES;
				COPY_PHASE_STRIP = NO;
				DEBUG_INFORMATION_FORMAT = dwarf;
				ENABLE_STRICT_OBJC_MSGSEND = YES;
				ENABLE_TESTABILITY = YES;
				ENABLE_USER_SCRIPT_SANDBOXING = YES;
				GCC_C_LANGUAGE_STANDARD = gnu17;
				GCC_DYNAMIC_NO_PIC = NO;
				GCC_NO_COMMON_BLOCKS = YES;
				GCC_OPTIMIZATION_LEVEL = 0;
				GCC_PREPROCESSOR_DEFINITIONS = (
					"DEBUG=1",
					"$(inherited)",
				);
				GCC_WARN_64_TO_32_BIT_CONVERSION = YES;
				GCC_WARN_ABOUT_RETURN_TYPE = YES_ERROR;
				GCC_WARN_UNDECLARED_SELECTOR = YES;
				GCC_WARN_UNINITIALIZED_AUTOS = YES_AGGRESSIVE;
				GCC_WARN_UNUSED_FUNCTION = YES;
				GCC_WARN_UNUSED_VARIABLE = YES;
				IPHONEOS_DEPLOYMENT_TARGET = 17.4;
				LOCALIZATION_PREFERS_STRING_CATALOGS = YES;
				MTL_ENABLE_DEBUG_INFO = INCLUDE_SOURCE;
				MTL_FAST_MATH = YES;
				ONLY_ACTIVE_ARCH = YES;
				SDKROOT = iphoneos;
				SWIFT_ACTIVE_COMPILATION_CONDITIONS = "DEBUG $(inherited)";
				SWIFT_OPTIMIZATION_LEVEL = "-Onone";
			};
			name = Debug;
		};
		8C0ECA832BFFB0BE004E8A91 /* Release */ = {
			isa = XCBuildConfiguration;
			buildSettings = {
				ALWAYS_SEARCH_USER_PATHS = NO;
				ASSETCATALOG_COMPILER_GENERATE_SWIFT_ASSET_SYMBOL_EXTENSIONS = YES;
				CLANG_ANALYZER_NONNULL = YES;
				CLANG_ANALYZER_NUMBER_OBJECT_CONVERSION = YES_AGGRESSIVE;
				CLANG_CXX_LANGUAGE_STANDARD = "gnu++20";
				CLANG_ENABLE_MODULES = YES;
				CLANG_ENABLE_OBJC_ARC = YES;
				CLANG_ENABLE_OBJC_WEAK = YES;
				CLANG_WARN_BLOCK_CAPTURE_AUTORELEASING = YES;
				CLANG_WARN_BOOL_CONVERSION = YES;
				CLANG_WARN_COMMA = YES;
				CLANG_WARN_CONSTANT_CONVERSION = YES;
				CLANG_WARN_DEPRECATED_OBJC_IMPLEMENTATIONS = YES;
				CLANG_WARN_DIRECT_OBJC_ISA_USAGE = YES_ERROR;
				CLANG_WARN_DOCUMENTATION_COMMENTS = YES;
				CLANG_WARN_EMPTY_BODY = YES;
				CLANG_WARN_ENUM_CONVERSION = YES;
				CLANG_WARN_INFINITE_RECURSION = YES;
				CLANG_WARN_INT_CONVERSION = YES;
				CLANG_WARN_NON_LITERAL_NULL_CONVERSION = YES;
				CLANG_WARN_OBJC_IMPLICIT_RETAIN_SELF = YES;
				CLANG_WARN_OBJC_LITERAL_CONVERSION = YES;
				CLANG_WARN_OBJC_ROOT_CLASS = YES_ERROR;
				CLANG_WARN_QUOTED_INCLUDE_IN_FRAMEWORK_HEADER = YES;
				CLANG_WARN_RANGE_LOOP_ANALYSIS = YES;
				CLANG_WARN_STRICT_PROTOTYPES = YES;
				CLANG_WARN_SUSPICIOUS_MOVE = YES;
				CLANG_WARN_UNGUARDED_AVAILABILITY = YES_AGGRESSIVE;
				CLANG_WARN_UNREACHABLE_CODE = YES;
				CLANG_WARN__DUPLICATE_METHOD_MATCH = YES;
				COPY_PHASE_STRIP = NO;
				DEBUG_INFORMATION_FORMAT = "dwarf-with-dsym";
				ENABLE_NS_ASSERTIONS = NO;
				ENABLE_STRICT_OBJC_MSGSEND = YES;
				ENABLE_USER_SCRIPT_SANDBOXING = YES;
				GCC_C_LANGUAGE_STANDARD = gnu17;
				GCC_NO_COMMON_BLOCKS = YES;
				GCC_WARN_64_TO_32_BIT_CONVERSION = YES;
				GCC_WARN_ABOUT_RETURN_TYPE = YES_ERROR;
				GCC_WARN_UNDECLARED_SELECTOR = YES;
				GCC_WARN_UNINITIALIZED_AUTOS = YES_AGGRESSIVE;
				GCC_WARN_UNUSED_FUNCTION = YES;
				GCC_WARN_UNUSED_VARIABLE = YES;
				IPHONEOS_DEPLOYMENT_TARGET = 17.4;
				LOCALIZATION_PREFERS_STRING_CATALOGS = YES;
				MTL_ENABLE_DEBUG_INFO = NO;
				MTL_FAST_MATH = YES;
				SDKROOT = iphoneos;
				SWIFT_COMPILATION_MODE = wholemodule;
				VALIDATE_PRODUCT = YES;
			};
			name = Release;
		};
		8C0ECA852BFFB0BE004E8A91 /* Debug */ = {
			isa = XCBuildConfiguration;
			buildSettings = {
				ASSETCATALOG_COMPILER_APPICON_NAME = AppIcon;
				ASSETCATALOG_COMPILER_GLOBAL_ACCENT_COLOR_NAME = AccentColor;
				CODE_SIGN_STYLE = Automatic;
				CURRENT_PROJECT_VERSION = 1;
				DEVELOPMENT_ASSET_PATHS = "\"Bhagavad Gita/Preview Content\"";
				DEVELOPMENT_TEAM = 5G4JXDUKP2;
				ENABLE_PREVIEWS = YES;
				GENERATE_INFOPLIST_FILE = YES;
				INFOPLIST_KEY_UIApplicationSceneManifest_Generation = YES;
				INFOPLIST_KEY_UIApplicationSupportsIndirectInputEvents = YES;
				INFOPLIST_KEY_UILaunchScreen_Generation = YES;
				INFOPLIST_KEY_UISupportedInterfaceOrientations_iPad = "UIInterfaceOrientationPortrait UIInterfaceOrientationPortraitUpsideDown UIInterfaceOrientationLandscapeLeft UIInterfaceOrientationLandscapeRight";
				INFOPLIST_KEY_UISupportedInterfaceOrientations_iPhone = "UIInterfaceOrientationPortrait UIInterfaceOrientationLandscapeLeft UIInterfaceOrientationLandscapeRight";
				LD_RUNPATH_SEARCH_PATHS = (
					"$(inherited)",
					"@executable_path/Frameworks",
				);
				MARKETING_VERSION = 1.0;
				PRODUCT_BUNDLE_IDENTIFIER = "vanshitajariwala.Bhagavad-Gita";
				PRODUCT_NAME = "$(TARGET_NAME)";
				SWIFT_EMIT_LOC_STRINGS = YES;
				SWIFT_VERSION = 5.0;
				TARGETED_DEVICE_FAMILY = "1,2";
			};
			name = Debug;
		};
		8C0ECA862BFFB0BE004E8A91 /* Release */ = {
			isa = XCBuildConfiguration;
			buildSettings = {
				ASSETCATALOG_COMPILER_APPICON_NAME = AppIcon;
				ASSETCATALOG_COMPILER_GLOBAL_ACCENT_COLOR_NAME = AccentColor;
				CODE_SIGN_STYLE = Automatic;
				CURRENT_PROJECT_VERSION = 1;
				DEVELOPMENT_ASSET_PATHS = "\"Bhagavad Gita/Preview Content\"";
				DEVELOPMENT_TEAM = 5G4JXDUKP2;
				ENABLE_PREVIEWS = YES;
				GENERATE_INFOPLIST_FILE = YES;
				INFOPLIST_KEY_UIApplicationSceneManifest_Generation = YES;
				INFOPLIST_KEY_UIApplicationSupportsIndirectInputEvents = YES;
				INFOPLIST_KEY_UILaunchScreen_Generation = YES;
				INFOPLIST_KEY_UISupportedInterfaceOrientations_iPad = "UIInterfaceOrientationPortrait UIInterfaceOrientationPortraitUpsideDown UIInterfaceOrientationLandscapeLeft UIInterfaceOrientationLandscapeRight";
				INFOPLIST_KEY_UISupportedInterfaceOrientations_iPhone = "UIInterfaceOrientationPortrait UIInterfaceOrientationLandscapeLeft UIInterfaceOrientationLandscapeRight";
				LD_RUNPATH_SEARCH_PATHS = (
					"$(inherited)",
					"@executable_path/Frameworks",
				);
				MARKETING_VERSION = 1.0;
				PRODUCT_BUNDLE_IDENTIFIER = "vanshitajariwala.Bhagavad-Gita";
				PRODUCT_NAME = "$(TARGET_NAME)";
				SWIFT_EMIT_LOC_STRINGS = YES;
				SWIFT_VERSION = 5.0;
				TARGETED_DEVICE_FAMILY = "1,2";
			};
			name = Release;
		};
/* End XCBuildConfiguration section */

/* Begin XCConfigurationList section */
		8C0ECA712BFFB0BC004E8A91 /* Build configuration list for PBXProject "Bhagavad Gita" */ = {
			isa = XCConfigurationList;
			buildConfigurations = (
				8C0ECA822BFFB0BE004E8A91 /* Debug */,
				8C0ECA832BFFB0BE004E8A91 /* Release */,
			);
			defaultConfigurationIsVisible = 0;
			defaultConfigurationName = Release;
		};
		8C0ECA842BFFB0BE004E8A91 /* Build configuration list for PBXNativeTarget "Bhagavad Gita" */ = {
			isa = XCConfigurationList;
			buildConfigurations = (
				8C0ECA852BFFB0BE004E8A91 /* Debug */,
				8C0ECA862BFFB0BE004E8A91 /* Release */,
			);
			defaultConfigurationIsVisible = 0;
			defaultConfigurationName = Release;
		};
/* End XCConfigurationList section */

/* Begin XCRemoteSwiftPackageReference section */
		8C0ECA872BFFB0F8004E8A91 /* XCRemoteSwiftPackageReference "Alamofire" */ = {
			isa = XCRemoteSwiftPackageReference;
			repositoryURL = "https://github.com/Alamofire/Alamofire";
			requirement = {
				kind = upToNextMajorVersion;
				minimumVersion = 5.9.1;
			};
		};
/* End XCRemoteSwiftPackageReference section */

/* Begin XCSwiftPackageProductDependency section */
		8C0ECA882BFFB0F8004E8A91 /* Alamofire */ = {
			isa = XCSwiftPackageProductDependency;
			package = 8C0ECA872BFFB0F8004E8A91 /* XCRemoteSwiftPackageReference "Alamofire" */;
			productName = Alamofire;
		};
		8C0ECA8A2BFFB0F8004E8A91 /* AlamofireDynamic */ = {
			isa = XCSwiftPackageProductDependency;
			package = 8C0ECA872BFFB0F8004E8A91 /* XCRemoteSwiftPackageReference "Alamofire" */;
			productName = AlamofireDynamic;
		};
/* End XCSwiftPackageProductDependency section */
	};
	rootObject = 8C0ECA6E2BFFB0BC004E8A91 /* Project object */;
}
